
Microsoft Visual Studio Solution File, Format Version 12.00
Project("{FAE04EC0-301F-11D3-BF4B-00C04F79EFBC}") = "Application", "Application\Application.csproj", "{6844B14E-B051-4502-8D65-193A69FE6E39}"
EndProject
Project("{FAE04EC0-301F-11D3-BF4B-00C04F79EFBC}") = "SamplePlugins", "SamplePlugins\SamplePlugins.csproj", "{30FD0750-8304-4E8E-ACC1-B7470CB99E50}"
EndProject
Project("{FAE04EC0-301F-11D3-BF4B-00C04F79EFBC}") = "Sdk", "Sdk\Sdk.csproj", "{8A573C08-0FE7-4D59-BFC6-08B757CE936D}"
EndProject
Global
	GlobalSection(SolutionConfigurationPlatforms) = preSolution
		Debug|Any CPU = Debug|Any CPU
		Release|Any CPU = Release|Any CPU
	EndGlobalSection
	GlobalSection(ProjectConfigurationPlatforms) = postSolution
		{6844B14E-B051-4502-8D65-193A69FE6E39}.Debug|Any CPU.ActiveCfg = Debug|Any CPU
		{6844B14E-B051-4502-8D65-193A69FE6E39}.Debug|Any CPU.Build.0 = Debug|Any CPU
		{6844B14E-B051-4502-8D65-193A69FE6E39}.Release|Any CPU.ActiveCfg = Release|Any CPU
		{6844B14E-B051-4502-8D65-193A69FE6E39}.Release|Any CPU.Build.0 = Release|Any CPU
		{30FD0750-8304-4E8E-ACC1-B7470CB99E50}.Debug|Any CPU.ActiveCfg = Debug|Any CPU
		{30FD0750-8304-4E8E-ACC1-B7470CB99E50}.Debug|Any CPU.Build.0 = Debug|Any CPU
		{30FD0750-8304-4E8E-ACC1-B7470CB99E50}.Release|Any CPU.ActiveCfg = Release|Any CPU
		{30FD0750-8304-4E8E-ACC1-B7470CB99E50}.Release|Any CPU.Build.0 = Release|Any CPU
		{8A573C08-0FE7-4D59-BFC6-08B757CE936D}.Debug|Any CPU.ActiveCfg = Debug|Any CPU
		{8A573C08-0FE7-4D59-BFC6-08B757CE936D}.Debug|Any CPU.Build.0 = Debug|Any CPU
		{8A573C08-0FE7-4D59-BFC6-08B757CE936D}.Release|Any CPU.ActiveCfg = Release|Any CPU
		{8A573C08-0FE7-4D59-BFC6-08B757CE936D}.Release|Any CPU.Build.0 = Release|Any CPU
	EndGlobalSection
EndGlobal
